
Microsoft Visual Studio Solution File, Format Version 12.00
# Visual Studio Version 16
VisualStudioVersion = 16.0.30804.86
MinimumVisualStudioVersion = 10.0.40219.1
Project("{9A19103F-16F7-4668-BE54-9A1E7A4F7556}") = "api_training", "api_training.csproj", "{C2883F97-5D38-4C7C-B28A-437621CC233A}"
EndProject
Global
	GlobalSection(SolutionConfigurationPlatforms) = preSolution
		Debug|Any CPU = Debug|Any CPU
		Release|Any CPU = Release|Any CPU
	EndGlobalSection
	GlobalSection(ProjectConfigurationPlatforms) = postSolution
		{C2883F97-5D38-4C7C-B28A-437621CC233A}.Debug|Any CPU.ActiveCfg = Debug|Any CPU
		{C2883F97-5D38-4C7C-B28A-437621CC233A}.Debug|Any CPU.Build.0 = Debug|Any CPU
		{C2883F97-5D38-4C7C-B28A-437621CC233A}.Release|Any CPU.ActiveCfg = Release|Any CPU
		{C2883F97-5D38-4C7C-B28A-437621CC233A}.Release|Any CPU.Build.0 = Release|Any CPU
	EndGlobalSection
	GlobalSection(SolutionProperties) = preSolution
		HideSolutionNode = FALSE
	EndGlobalSection
	GlobalSection(ExtensibilityGlobals) = postSolution
		SolutionGuid = {5BDB0169-52AF-4695-830B-691E5467A660}
	EndGlobalSection
EndGlobal
